// !$*UTF8*$!
{
	archiveVersion = 1;
	classes = {
	};
	objectVersion = 46;
	objects = {

/* Begin PBXBuildFile section */
		4B09D53F1A077CB400DFF42E /* main.m in Sources */ = {isa = PBXBuildFile; fileRef = 4B09D53E1A077CB400DFF42E /* main.m */; };
		4B09D5421A077CB400DFF42E /* AppDelegate.m in Sources */ = {isa = PBXBuildFile; fileRef = 4B09D5411A077CB400DFF42E /* AppDelegate.m */; };
		4B09D54A1A077CB400DFF42E /* Images.xcassets in Resources */ = {isa = PBXBuildFile; fileRef = 4B09D5491A077CB400DFF42E /* Images.xcassets */; };
/* End PBXBuildFile section */

/* Begin PBXFileReference section */
		4B09D5391A077CB400DFF42E /* BC.app */ = {isa = PBXFileReference; explicitFileType = wrapper.application; includeInIndex = 0; path = BC.app; sourceTree = BUILT_PRODUCTS_DIR; };
		4B09D53D1A077CB400DFF42E /* Info.plist */ = {isa = PBXFileReference; lastKnownFileType = text.plist.xml; path = Info.plist; sourceTree = "<group>"; };
		4B09D53E1A077CB400DFF42E /* main.m */ = {isa = PBXFileReference; lastKnownFileType = sourcecode.c.objc; path = main.m; sourceTree = "<group>"; };
		4B09D5401A077CB400DFF42E /* AppDelegate.h */ = {isa = PBXFileReference; lastKnownFileType = sourcecode.c.h; path = AppDelegate.h; sourceTree = "<group>"; };
		4B09D5411A077CB400DFF42E /* AppDelegate.m */ = {isa = PBXFileReference; lastKnownFileType = sourcecode.c.objc; path = AppDelegate.m; sourceTree = "<group>"; };
		4B09D5491A077CB400DFF42E /* Images.xcassets */ = {isa = PBXFileReference; lastKnownFileType = folder.assetcatalog; path = Images.xcassets; sourceTree = "<group>"; };
/* End PBXFileReference section */

/* Begin PBXFrameworksBuildPhase section */
		4B09D5361A077CB400DFF42E /* Frameworks */ = {
			isa = PBXFrameworksBuildPhase;
			buildActionMask = 2147483647;
			files = (
			);
			runOnlyForDeploymentPostprocessing = 0;
		};
/* End PBXFrameworksBuildPhase section */

/* Begin PBXGroup section */
		4B09D5301A077CB400DFF42E = {
			isa = PBXGroup;
			children = (
				4B09D53B1A077CB400DFF42E /* BC */,
				4B09D53A1A077CB400DFF42E /* Products */,
			);
			sourceTree = "<group>";
		};
		4B09D53A1A077CB400DFF42E /* Products */ = {
			isa = PBXGroup;
			children = (
				4B09D5391A077CB400DFF42E /* BC.app */,
			);
			name = Products;
			sourceTree = "<group>";
		};
		4B09D53B1A077CB400DFF42E /* BC */ = {
			isa = PBXGroup;
			children = (
				4B09D5401A077CB400DFF42E /* AppDelegate.h */,
				4B09D5411A077CB400DFF42E /* AppDelegate.m */,
				4B09D5491A077CB400DFF42E /* Images.xcassets */,
				4B09D53C1A077CB400DFF42E /* Supporting Files */,
			);
			path = BC;
			sourceTree = "<group>";
		};
		4B09D53C1A077CB400DFF42E /* Supporting Files */ = {
			isa = PBXGroup;
			children = (
				4B09D53D1A077CB400DFF42E /* Info.plist */,
				4B09D53E1A077CB400DFF42E /* main.m */,
			);
			name = "Supporting Files";
			sourceTree = "<group>";
		};
/* End PBXGroup section */

/* Begin PBXNativeTarget section */
		4B09D5381A077CB400DFF42E /* BC */ = {
			isa = PBXNativeTarget;
			buildConfigurationList = 4B09D55C1A077CB400DFF42E /* Build configuration list for PBXNativeTarget "BC" */;
			buildPhases = (
				4B09D5351A077CB400DFF42E /* Sources */,
				4B09D5361A077CB400DFF42E /* Frameworks */,
				4B09D5371A077CB400DFF42E /* Resources */,
			);
			buildRules = (
			);
			dependencies = (
			);
			name = BC;
			productName = BC;
			productReference = 4B09D5391A077CB400DFF42E /* BC.app */;
			productType = "com.apple.product-type.application";
		};
/* End PBXNativeTarget section */

/* Begin PBXProject section */
		4B09D5311A077CB400DFF42E /* Project object */ = {
			isa = PBXProject;
			attributes = {
				LastUpgradeCheck = 0610;
				ORGANIZATIONNAME = "Albert Lee";
				TargetAttributes = {
					4B09D5381A077CB400DFF42E = {
						CreatedOnToolsVersion = 6.1;
					};
				};
			};
			buildConfigurationList = 4B09D5341A077CB400DFF42E /* Build configuration list for PBXProject "BC" */;
			compatibilityVersion = "Xcode 3.2";
			developmentRegion = English;
			hasScannedForEncodings = 0;
			knownRegions = (
				en,
				Base,
			);
			mainGroup = 4B09D5301A077CB400DFF42E;
			productRefGroup = 4B09D53A1A077CB400DFF42E /* Products */;
			projectDirPath = "";
			projectRoot = "";
			targets = (
				4B09D5381A077CB400DFF42E /* BC */,
			);
		};
/* End PBXProject section */

/* Begin PBXResourcesBuildPhase section */
		4B09D5371A077CB400DFF42E /* Resources */ = {
			isa = PBXResourcesBuildPhase;
			buildActionMask = 2147483647;
			files = (
				4B09D54A1A077CB400DFF42E /* Images.xcassets in Resources */,
			);
			runOnlyForDeploymentPostprocessing = 0;
		};
/* End PBXResourcesBuildPhase section */

/* Begin PBXSourcesBuildPhase section */
		4B09D5351A077CB400DFF42E /* Sources */ = {
			isa = PBXSourcesBuildPhase;
			buildActionMask = 2147483647;
			files = (
				4B09D5421A077CB400DFF42E /* AppDelegate.m in Sources */,
				4B09D53F1A077CB400DFF42E /* main.m in Sources */,
			);
			runOnlyForDeploymentPostprocessing = 0;
		};
/* End PBXSourcesBuildPhase section */

/* Begin XCBuildConfiguration section */
		4B09D55A1A077CB400DFF42E /* Debug */ = {
			isa = XCBuildConfiguration;
			buildSettings = {
				ALWAYS_SEARCH_USER_PATHS = NO;
				CLANG_CXX_LANGUAGE_STANDARD = "gnu++0x";
				CLANG_CXX_LIBRARY = "libc++";
				CLANG_ENABLE_MODULES = YES;
				CLANG_ENABLE_OBJC_ARC = YES;
				CLANG_WARN_BOOL_CONVERSION = YES;
				CLANG_WARN_CONSTANT_CONVERSION = YES;
				CLANG_WARN_DIRECT_OBJC_ISA_USAGE = YES_ERROR;
				CLANG_WARN_EMPTY_BODY = YES;
				CLANG_WARN_ENUM_CONVERSION = YES;
				CLANG_WARN_INT_CONVERSION = YES;
				CLANG_WARN_OBJC_ROOT_CLASS = YES_ERROR;
				CLANG_WARN_UNREACHABLE_CODE = YES;
				CLANG_WARN__DUPLICATE_METHOD_MATCH = YES;
				"CODE_SIGN_IDENTITY[sdk=iphoneos*]" = "iPhone Developer";
				COPY_PHASE_STRIP = NO;
				ENABLE_STRICT_OBJC_MSGSEND = YES;
				GCC_C_LANGUAGE_STANDARD = gnu99;
				GCC_DYNAMIC_NO_PIC = NO;
				GCC_OPTIMIZATION_LEVEL = 0;
				GCC_PREPROCESSOR_DEFINITIONS = (
					"DEBUG=1",
					"$(inherited)",
				);
				GCC_SYMBOLS_PRIVATE_EXTERN = NO;
				GCC_WARN_64_TO_32_BIT_CONVERSION = YES;
				GCC_WARN_ABOUT_RETURN_TYPE = YES_ERROR;
				GCC_WARN_UNDECLARED_SELECTOR = YES;
				GCC_WARN_UNINITIALIZED_AUTOS = YES_AGGRESSIVE;
				GCC_WARN_UNUSED_FUNCTION = YES;
				GCC_WARN_UNUSED_VARIABLE = YES;
				IPHONEOS_DEPLOYMENT_TARGET = 8.0;
				MTL_ENABLE_DEBUG_INFO = YES;
				ONLY_ACTIVE_ARCH = YES;
				SDKROOT = iphoneos;
			};
			name = Debug;
		};
		4B09D55B1A077CB400DFF42E /* Release */ = {
			isa = XCBuildConfiguration;
			buildSettings = {
				ALWAYS_SEARCH_USER_PATHS = NO;
				CLANG_CXX_LANGUAGE_STANDARD = "gnu++0x";
				CLANG_CXX_LIBRARY = "libc++";
				CLANG_ENABLE_MODULES = YES;
				CLANG_ENABLE_OBJC_ARC = YES;
				CLANG_WARN_BOOL_CONVERSION = YES;
				CLANG_WARN_CONSTANT_CONVERSION = YES;
				CLANG_WARN_DIRECT_OBJC_ISA_USAGE = YES_ERROR;
				CLANG_WARN_EMPTY_BODY = YES;
				CLANG_WARN_ENUM_CONVERSION = YES;
				CLANG_WARN_INT_CONVERSION = YES;
				CLANG_WARN_OBJC_ROOT_CLASS = YES_ERROR;
				CLANG_WARN_UNREACHABLE_CODE = YES;
				CLANG_WARN__DUPLICATE_METHOD_MATCH = YES;
				"CODE_SIGN_IDENTITY[sdk=iphoneos*]" = "iPhone Developer";
				COPY_PHASE_STRIP = YES;
				ENABLE_NS_ASSERTIONS = NO;
				ENABLE_STRICT_OBJC_MSGSEND = YES;
				GCC_C_LANGUAGE_STANDARD = gnu99;
				GCC_WARN_64_TO_32_BIT_CONVERSION = YES;
				GCC_WARN_ABOUT_RETURN_TYPE = YES_ERROR;
				GCC_WARN_UNDECLARED_SELECTOR = YES;
				GCC_WARN_UNINITIALIZED_AUTOS = YES_AGGRESSIVE;
				GCC_WARN_UNUSED_FUNCTION = YES;
				GCC_WARN_UNUSED_VARIABLE = YES;
				IPHONEOS_DEPLOYMENT_TARGET = 8.0;
				MTL_ENABLE_DEBUG_INFO = NO;
				SDKROOT = iphoneos;
				VALIDATE_PRODUCT = YES;
			};
			name = Release;
		};
		4B09D55D1A077CB400DFF42E /* Debug */ = {
			isa = XCBuildConfiguration;
			buildSettings = {
				ASSETCATALOG_COMPILER_APPICON_NAME = AppIcon;
				ASSETCATALOG_COMPILER_LAUNCHIMAGE_NAME = LaunchImage;
				INFOPLIST_FILE = BC/Info.plist;
				LD_RUNPATH_SEARCH_PATHS = "$(inherited) @executable_path/Frameworks";
				PRODUCT_NAME = "$(TARGET_NAME)";
			};
			name = Debug;
		};
		4B09D55E1A077CB400DFF42E /* Release */ = {
			isa = XCBuildConfiguration;
			buildSettings = {
				ASSETCATALOG_COMPILER_APPICON_NAME = AppIcon;
				ASSETCATALOG_COMPILER_LAUNCHIMAGE_NAME = LaunchImage;
				INFOPLIST_FILE = BC/Info.plist;
				LD_RUNPATH_SEARCH_PATHS = "$(inherited) @executable_path/Frameworks";
				PRODUCT_NAME = "$(TARGET_NAME)";
			};
			name = Release;
		};
/* End XCBuildConfiguration section */

/* Begin XCConfigurationList section */
		4B09D5341A077CB400DFF42E /* Build configuration list for PBXProject "BC" */ = {
			isa = XCConfigurationList;
			buildConfigurations = (
				4B09D55A1A077CB400DFF42E /* Debug */,
				4B09D55B1A077CB400DFF42E /* Release */,
			);
			defaultConfigurationIsVisible = 0;
			defaultConfigurationName = Release;
		};
		4B09D55C1A077CB400DFF42E /* Build configuration list for PBXNativeTarget "BC" */ = {
			isa = XCConfigurationList;
			buildConfigurations = (
				4B09D55D1A077CB400DFF42E /* Debug */,
				4B09D55E1A077CB400DFF42E /* Release */,
			);
			defaultConfigurationIsVisible = 0;
		};
/* End XCConfigurationList section */
	};
	rootObject = 4B09D5311A077CB400DFF42E /* Project object */;
}
