// !$*UTF8*$!
{
	archiveVersion = 1;
	classes = {
	};
	objectVersion = 46;
	objects = {

/* Begin PBXBuildFile section */
		4B09D53F1A077CB400DFF42E /* main.m in Sources */ = {isa = PBXBuildFile; fileRef = 4B09D53E1A077CB400DFF42E /* main.m */; };
		4B09D5421A077CB400DFF42E /* BCAppDelegate.m in Sources */ = {isa = PBXBuildFile; fileRef = 4B09D5411A077CB400DFF42E /* BCAppDelegate.m */; };
		4B09D54A1A077CB400DFF42E /* Images.xcassets in Resources */ = {isa = PBXBuildFile; fileRef = 4B09D5491A077CB400DFF42E /* Images.xcassets */; };
		4B09D56A1A0783A800DFF42E /* libALExtension.a in Frameworks */ = {isa = PBXBuildFile; fileRef = 4B09D5671A077F0400DFF42E /* libALExtension.a */; };
		4B09D56C1A0783CC00DFF42E /* AssetsLibrary.framework in Frameworks */ = {isa = PBXBuildFile; fileRef = 4B09D56B1A0783CC00DFF42E /* AssetsLibrary.framework */; };
		4B09D56E1A0783D300DFF42E /* CoreGraphics.framework in Frameworks */ = {isa = PBXBuildFile; fileRef = 4B09D56D1A0783D300DFF42E /* CoreGraphics.framework */; };
		4B09D5701A0783DB00DFF42E /* UIKit.framework in Frameworks */ = {isa = PBXBuildFile; fileRef = 4B09D56F1A0783DB00DFF42E /* UIKit.framework */; };
		4B09D5721A0783EA00DFF42E /* Foundation.framework in Frameworks */ = {isa = PBXBuildFile; fileRef = 4B09D5711A0783EA00DFF42E /* Foundation.framework */; };
		4B09D5741A0783F500DFF42E /* libsqlite3.dylib in Frameworks */ = {isa = PBXBuildFile; fileRef = 4B09D5731A0783F500DFF42E /* libsqlite3.dylib */; };
		4B09D5791A0790CE00DFF42E /* BCTabBarController.m in Sources */ = {isa = PBXBuildFile; fileRef = 4B09D5781A0790CE00DFF42E /* BCTabBarController.m */; };
		4B09D57D1A0791EA00DFF42E /* BCFavVC.m in Sources */ = {isa = PBXBuildFile; fileRef = 4B09D57C1A0791EA00DFF42E /* BCFavVC.m */; };
		4B09D5801A0791F700DFF42E /* BCWishListVC.m in Sources */ = {isa = PBXBuildFile; fileRef = 4B09D57F1A0791F700DFF42E /* BCWishListVC.m */; };
		4B09D5831A07920500DFF42E /* BCPurchasedVC.m in Sources */ = {isa = PBXBuildFile; fileRef = 4B09D5821A07920500DFF42E /* BCPurchasedVC.m */; };
		4B09D5861A07921200DFF42E /* BCExploreVC.m in Sources */ = {isa = PBXBuildFile; fileRef = 4B09D5851A07921200DFF42E /* BCExploreVC.m */; };
/* End PBXBuildFile section */

/* Begin PBXContainerItemProxy section */
		4B09D5661A077F0400DFF42E /* PBXContainerItemProxy */ = {
			isa = PBXContainerItemProxy;
			containerPortal = 4B09D5621A077F0300DFF42E /* ALExtension.xcodeproj */;
			proxyType = 2;
			remoteGlobalIDString = 4BD042A91970117B0074192E;
			remoteInfo = ALExtension;
		};
/* End PBXContainerItemProxy section */

/* Begin PBXFileReference section */
		4B09D5391A077CB400DFF42E /* BC.app */ = {isa = PBXFileReference; explicitFileType = wrapper.application; includeInIndex = 0; path = BC.app; sourceTree = BUILT_PRODUCTS_DIR; };
		4B09D53D1A077CB400DFF42E /* Info.plist */ = {isa = PBXFileReference; lastKnownFileType = text.plist.xml; path = Info.plist; sourceTree = "<group>"; };
		4B09D53E1A077CB400DFF42E /* main.m */ = {isa = PBXFileReference; lastKnownFileType = sourcecode.c.objc; path = main.m; sourceTree = "<group>"; };
		4B09D5401A077CB400DFF42E /* BCAppDelegate.h */ = {isa = PBXFileReference; lastKnownFileType = sourcecode.c.h; path = BCAppDelegate.h; sourceTree = "<group>"; };
		4B09D5411A077CB400DFF42E /* BCAppDelegate.m */ = {isa = PBXFileReference; lastKnownFileType = sourcecode.c.objc; path = BCAppDelegate.m; sourceTree = "<group>"; };
		4B09D5491A077CB400DFF42E /* Images.xcassets */ = {isa = PBXFileReference; lastKnownFileType = folder.assetcatalog; path = Images.xcassets; sourceTree = "<group>"; };
		4B09D5621A077F0300DFF42E /* ALExtension.xcodeproj */ = {isa = PBXFileReference; lastKnownFileType = "wrapper.pb-project"; name = ALExtension.xcodeproj; path = ../../ALExtension/ALExtension.xcodeproj; sourceTree = "<group>"; };
		4B09D5681A077F7100DFF42E /* BC-Prefix.pch */ = {isa = PBXFileReference; lastKnownFileType = sourcecode.c.h; path = "BC-Prefix.pch"; sourceTree = "<group>"; };
		4B09D56B1A0783CC00DFF42E /* AssetsLibrary.framework */ = {isa = PBXFileReference; lastKnownFileType = wrapper.framework; name = AssetsLibrary.framework; path = System/Library/Frameworks/AssetsLibrary.framework; sourceTree = SDKROOT; };
		4B09D56D1A0783D300DFF42E /* CoreGraphics.framework */ = {isa = PBXFileReference; lastKnownFileType = wrapper.framework; name = CoreGraphics.framework; path = System/Library/Frameworks/CoreGraphics.framework; sourceTree = SDKROOT; };
		4B09D56F1A0783DB00DFF42E /* UIKit.framework */ = {isa = PBXFileReference; lastKnownFileType = wrapper.framework; name = UIKit.framework; path = System/Library/Frameworks/UIKit.framework; sourceTree = SDKROOT; };
		4B09D5711A0783EA00DFF42E /* Foundation.framework */ = {isa = PBXFileReference; lastKnownFileType = wrapper.framework; name = Foundation.framework; path = System/Library/Frameworks/Foundation.framework; sourceTree = SDKROOT; };
		4B09D5731A0783F500DFF42E /* libsqlite3.dylib */ = {isa = PBXFileReference; lastKnownFileType = "compiled.mach-o.dylib"; name = libsqlite3.dylib; path = usr/lib/libsqlite3.dylib; sourceTree = SDKROOT; };
		4B09D5771A0790CE00DFF42E /* BCTabBarController.h */ = {isa = PBXFileReference; fileEncoding = 4; lastKnownFileType = sourcecode.c.h; path = BCTabBarController.h; sourceTree = "<group>"; };
		4B09D5781A0790CE00DFF42E /* BCTabBarController.m */ = {isa = PBXFileReference; fileEncoding = 4; lastKnownFileType = sourcecode.c.objc; path = BCTabBarController.m; sourceTree = "<group>"; };
		4B09D57B1A0791EA00DFF42E /* BCFavVC.h */ = {isa = PBXFileReference; fileEncoding = 4; lastKnownFileType = sourcecode.c.h; path = BCFavVC.h; sourceTree = "<group>"; };
		4B09D57C1A0791EA00DFF42E /* BCFavVC.m */ = {isa = PBXFileReference; fileEncoding = 4; lastKnownFileType = sourcecode.c.objc; path = BCFavVC.m; sourceTree = "<group>"; };
		4B09D57E1A0791F700DFF42E /* BCWishListVC.h */ = {isa = PBXFileReference; fileEncoding = 4; lastKnownFileType = sourcecode.c.h; path = BCWishListVC.h; sourceTree = "<group>"; };
		4B09D57F1A0791F700DFF42E /* BCWishListVC.m */ = {isa = PBXFileReference; fileEncoding = 4; lastKnownFileType = sourcecode.c.objc; path = BCWishListVC.m; sourceTree = "<group>"; };
		4B09D5811A07920500DFF42E /* BCPurchasedVC.h */ = {isa = PBXFileReference; fileEncoding = 4; lastKnownFileType = sourcecode.c.h; path = BCPurchasedVC.h; sourceTree = "<group>"; };
		4B09D5821A07920500DFF42E /* BCPurchasedVC.m */ = {isa = PBXFileReference; fileEncoding = 4; lastKnownFileType = sourcecode.c.objc; path = BCPurchasedVC.m; sourceTree = "<group>"; };
		4B09D5841A07921200DFF42E /* BCExploreVC.h */ = {isa = PBXFileReference; fileEncoding = 4; lastKnownFileType = sourcecode.c.h; path = BCExploreVC.h; sourceTree = "<group>"; };
		4B09D5851A07921200DFF42E /* BCExploreVC.m */ = {isa = PBXFileReference; fileEncoding = 4; lastKnownFileType = sourcecode.c.objc; path = BCExploreVC.m; sourceTree = "<group>"; };
/* End PBXFileReference section */

/* Begin PBXFrameworksBuildPhase section */
		4B09D5361A077CB400DFF42E /* Frameworks */ = {
			isa = PBXFrameworksBuildPhase;
			buildActionMask = 2147483647;
			files = (
				4B09D5741A0783F500DFF42E /* libsqlite3.dylib in Frameworks */,
				4B09D5721A0783EA00DFF42E /* Foundation.framework in Frameworks */,
				4B09D5701A0783DB00DFF42E /* UIKit.framework in Frameworks */,
				4B09D56E1A0783D300DFF42E /* CoreGraphics.framework in Frameworks */,
				4B09D56C1A0783CC00DFF42E /* AssetsLibrary.framework in Frameworks */,
				4B09D56A1A0783A800DFF42E /* libALExtension.a in Frameworks */,
			);
			runOnlyForDeploymentPostprocessing = 0;
		};
/* End PBXFrameworksBuildPhase section */

/* Begin PBXGroup section */
		4B09D5301A077CB400DFF42E = {
			isa = PBXGroup;
			children = (
				4B09D53B1A077CB400DFF42E /* BC */,
				4B09D53A1A077CB400DFF42E /* Products */,
			);
			sourceTree = "<group>";
		};
		4B09D53A1A077CB400DFF42E /* Products */ = {
			isa = PBXGroup;
			children = (
				4B09D5391A077CB400DFF42E /* BC.app */,
			);
			name = Products;
			sourceTree = "<group>";
		};
		4B09D53B1A077CB400DFF42E /* BC */ = {
			isa = PBXGroup;
			children = (
				4B09D5621A077F0300DFF42E /* ALExtension.xcodeproj */,
				4B09D5401A077CB400DFF42E /* BCAppDelegate.h */,
				4B09D5411A077CB400DFF42E /* BCAppDelegate.m */,
				4B09D5491A077CB400DFF42E /* Images.xcassets */,
				4B09D5871A07921B00DFF42E /* Base */,
				4B09D5751A0783FC00DFF42E /* Frameworks */,
				4B09D53C1A077CB400DFF42E /* Supporting Files */,
			);
			path = BC;
			sourceTree = "<group>";
		};
		4B09D53C1A077CB400DFF42E /* Supporting Files */ = {
			isa = PBXGroup;
			children = (
				4B09D5681A077F7100DFF42E /* BC-Prefix.pch */,
				4B09D53D1A077CB400DFF42E /* Info.plist */,
				4B09D53E1A077CB400DFF42E /* main.m */,
			);
			name = "Supporting Files";
			sourceTree = "<group>";
		};
		4B09D5631A077F0300DFF42E /* Products */ = {
			isa = PBXGroup;
			children = (
				4B09D5671A077F0400DFF42E /* libALExtension.a */,
			);
			name = Products;
			sourceTree = "<group>";
		};
		4B09D5751A0783FC00DFF42E /* Frameworks */ = {
			isa = PBXGroup;
			children = (
				4B09D5731A0783F500DFF42E /* libsqlite3.dylib */,
				4B09D5711A0783EA00DFF42E /* Foundation.framework */,
				4B09D56F1A0783DB00DFF42E /* UIKit.framework */,
				4B09D56D1A0783D300DFF42E /* CoreGraphics.framework */,
				4B09D56B1A0783CC00DFF42E /* AssetsLibrary.framework */,
			);
			name = Frameworks;
			path = ..;
			sourceTree = "<group>";
		};
		4B09D5871A07921B00DFF42E /* Base */ = {
			isa = PBXGroup;
			children = (
				4B09D5771A0790CE00DFF42E /* BCTabBarController.h */,
				4B09D5781A0790CE00DFF42E /* BCTabBarController.m */,
				4B09D5891A07923500DFF42E /* Favorite */,
				4B09D58A1A07925100DFF42E /* WishList */,
				4B09D58B1A07925700DFF42E /* Purchased */,
				4B09D58C1A07925E00DFF42E /* Explore */,
			);
			name = Base;
			sourceTree = "<group>";
		};
		4B09D5891A07923500DFF42E /* Favorite */ = {
			isa = PBXGroup;
			children = (
				4B09D57B1A0791EA00DFF42E /* BCFavVC.h */,
				4B09D57C1A0791EA00DFF42E /* BCFavVC.m */,
			);
			name = Favorite;
			sourceTree = "<group>";
		};
		4B09D58A1A07925100DFF42E /* WishList */ = {
			isa = PBXGroup;
			children = (
				4B09D57E1A0791F700DFF42E /* BCWishListVC.h */,
				4B09D57F1A0791F700DFF42E /* BCWishListVC.m */,
			);
			name = WishList;
			sourceTree = "<group>";
		};
		4B09D58B1A07925700DFF42E /* Purchased */ = {
			isa = PBXGroup;
			children = (
				4B09D5811A07920500DFF42E /* BCPurchasedVC.h */,
				4B09D5821A07920500DFF42E /* BCPurchasedVC.m */,
			);
			name = Purchased;
			sourceTree = "<group>";
		};
		4B09D58C1A07925E00DFF42E /* Explore */ = {
			isa = PBXGroup;
			children = (
				4B09D5841A07921200DFF42E /* BCExploreVC.h */,
				4B09D5851A07921200DFF42E /* BCExploreVC.m */,
			);
			name = Explore;
			sourceTree = "<group>";
		};
/* End PBXGroup section */

/* Begin PBXNativeTarget section */
		4B09D5381A077CB400DFF42E /* BC */ = {
			isa = PBXNativeTarget;
			buildConfigurationList = 4B09D55C1A077CB400DFF42E /* Build configuration list for PBXNativeTarget "BC" */;
			buildPhases = (
				4B09D5351A077CB400DFF42E /* Sources */,
				4B09D5361A077CB400DFF42E /* Frameworks */,
				4B09D5371A077CB400DFF42E /* Resources */,
			);
			buildRules = (
			);
			dependencies = (
			);
			name = BC;
			productName = BC;
			productReference = 4B09D5391A077CB400DFF42E /* BC.app */;
			productType = "com.apple.product-type.application";
		};
/* End PBXNativeTarget section */

/* Begin PBXProject section */
		4B09D5311A077CB400DFF42E /* Project object */ = {
			isa = PBXProject;
			attributes = {
				CLASSPREFIX = BC;
				LastUpgradeCheck = 0610;
				ORGANIZATIONNAME = "Albert Lee";
				TargetAttributes = {
					4B09D5381A077CB400DFF42E = {
						CreatedOnToolsVersion = 6.1;
					};
				};
			};
			buildConfigurationList = 4B09D5341A077CB400DFF42E /* Build configuration list for PBXProject "BC" */;
			compatibilityVersion = "Xcode 3.2";
			developmentRegion = English;
			hasScannedForEncodings = 0;
			knownRegions = (
				en,
				Base,
			);
			mainGroup = 4B09D5301A077CB400DFF42E;
			productRefGroup = 4B09D53A1A077CB400DFF42E /* Products */;
			projectDirPath = "";
			projectReferences = (
				{
					ProductGroup = 4B09D5631A077F0300DFF42E /* Products */;
					ProjectRef = 4B09D5621A077F0300DFF42E /* ALExtension.xcodeproj */;
				},
			);
			projectRoot = "";
			targets = (
				4B09D5381A077CB400DFF42E /* BC */,
			);
		};
/* End PBXProject section */

/* Begin PBXReferenceProxy section */
		4B09D5671A077F0400DFF42E /* libALExtension.a */ = {
			isa = PBXReferenceProxy;
			fileType = archive.ar;
			path = libALExtension.a;
			remoteRef = 4B09D5661A077F0400DFF42E /* PBXContainerItemProxy */;
			sourceTree = BUILT_PRODUCTS_DIR;
		};
/* End PBXReferenceProxy section */

/* Begin PBXResourcesBuildPhase section */
		4B09D5371A077CB400DFF42E /* Resources */ = {
			isa = PBXResourcesBuildPhase;
			buildActionMask = 2147483647;
			files = (
				4B09D54A1A077CB400DFF42E /* Images.xcassets in Resources */,
			);
			runOnlyForDeploymentPostprocessing = 0;
		};
/* End PBXResourcesBuildPhase section */

/* Begin PBXSourcesBuildPhase section */
		4B09D5351A077CB400DFF42E /* Sources */ = {
			isa = PBXSourcesBuildPhase;
			buildActionMask = 2147483647;
			files = (
				4B09D5801A0791F700DFF42E /* BCWishListVC.m in Sources */,
				4B09D5791A0790CE00DFF42E /* BCTabBarController.m in Sources */,
				4B09D5831A07920500DFF42E /* BCPurchasedVC.m in Sources */,
				4B09D5421A077CB400DFF42E /* BCAppDelegate.m in Sources */,
				4B09D53F1A077CB400DFF42E /* main.m in Sources */,
				4B09D57D1A0791EA00DFF42E /* BCFavVC.m in Sources */,
				4B09D5861A07921200DFF42E /* BCExploreVC.m in Sources */,
			);
			runOnlyForDeploymentPostprocessing = 0;
		};
/* End PBXSourcesBuildPhase section */

/* Begin XCBuildConfiguration section */
		4B09D55A1A077CB400DFF42E /* Debug */ = {
			isa = XCBuildConfiguration;
			buildSettings = {
				ALWAYS_SEARCH_USER_PATHS = NO;
				CLANG_CXX_LANGUAGE_STANDARD = "gnu++0x";
				CLANG_CXX_LIBRARY = "libc++";
				CLANG_ENABLE_MODULES = YES;
				CLANG_ENABLE_OBJC_ARC = YES;
				CLANG_WARN_BOOL_CONVERSION = YES;
				CLANG_WARN_CONSTANT_CONVERSION = YES;
				CLANG_WARN_DIRECT_OBJC_ISA_USAGE = YES_ERROR;
				CLANG_WARN_EMPTY_BODY = YES;
				CLANG_WARN_ENUM_CONVERSION = YES;
				CLANG_WARN_INT_CONVERSION = YES;
				CLANG_WARN_OBJC_ROOT_CLASS = YES_ERROR;
				CLANG_WARN_UNREACHABLE_CODE = YES;
				CLANG_WARN__DUPLICATE_METHOD_MATCH = YES;
				"CODE_SIGN_IDENTITY[sdk=iphoneos*]" = "iPhone Developer";
				COPY_PHASE_STRIP = NO;
				ENABLE_STRICT_OBJC_MSGSEND = YES;
				GCC_C_LANGUAGE_STANDARD = gnu99;
				GCC_DYNAMIC_NO_PIC = NO;
				GCC_OPTIMIZATION_LEVEL = 0;
				GCC_PREPROCESSOR_DEFINITIONS = (
					"DEBUG=1",
					"$(inherited)",
				);
				GCC_SYMBOLS_PRIVATE_EXTERN = NO;
				GCC_WARN_64_TO_32_BIT_CONVERSION = YES;
				GCC_WARN_ABOUT_RETURN_TYPE = YES_ERROR;
				GCC_WARN_UNDECLARED_SELECTOR = YES;
				GCC_WARN_UNINITIALIZED_AUTOS = YES_AGGRESSIVE;
				GCC_WARN_UNUSED_FUNCTION = YES;
				GCC_WARN_UNUSED_VARIABLE = YES;
				IPHONEOS_DEPLOYMENT_TARGET = 8.0;
				MTL_ENABLE_DEBUG_INFO = YES;
				ONLY_ACTIVE_ARCH = YES;
				SDKROOT = iphoneos;
			};
			name = Debug;
		};
		4B09D55B1A077CB400DFF42E /* Release */ = {
			isa = XCBuildConfiguration;
			buildSettings = {
				ALWAYS_SEARCH_USER_PATHS = NO;
				CLANG_CXX_LANGUAGE_STANDARD = "gnu++0x";
				CLANG_CXX_LIBRARY = "libc++";
				CLANG_ENABLE_MODULES = YES;
				CLANG_ENABLE_OBJC_ARC = YES;
				CLANG_WARN_BOOL_CONVERSION = YES;
				CLANG_WARN_CONSTANT_CONVERSION = YES;
				CLANG_WARN_DIRECT_OBJC_ISA_USAGE = YES_ERROR;
				CLANG_WARN_EMPTY_BODY = YES;
				CLANG_WARN_ENUM_CONVERSION = YES;
				CLANG_WARN_INT_CONVERSION = YES;
				CLANG_WARN_OBJC_ROOT_CLASS = YES_ERROR;
				CLANG_WARN_UNREACHABLE_CODE = YES;
				CLANG_WARN__DUPLICATE_METHOD_MATCH = YES;
				"CODE_SIGN_IDENTITY[sdk=iphoneos*]" = "iPhone Developer";
				COPY_PHASE_STRIP = YES;
				ENABLE_NS_ASSERTIONS = NO;
				ENABLE_STRICT_OBJC_MSGSEND = YES;
				GCC_C_LANGUAGE_STANDARD = gnu99;
				GCC_WARN_64_TO_32_BIT_CONVERSION = YES;
				GCC_WARN_ABOUT_RETURN_TYPE = YES_ERROR;
				GCC_WARN_UNDECLARED_SELECTOR = YES;
				GCC_WARN_UNINITIALIZED_AUTOS = YES_AGGRESSIVE;
				GCC_WARN_UNUSED_FUNCTION = YES;
				GCC_WARN_UNUSED_VARIABLE = YES;
				IPHONEOS_DEPLOYMENT_TARGET = 8.0;
				MTL_ENABLE_DEBUG_INFO = NO;
				SDKROOT = iphoneos;
				VALIDATE_PRODUCT = YES;
			};
			name = Release;
		};
		4B09D55D1A077CB400DFF42E /* Debug */ = {
			isa = XCBuildConfiguration;
			buildSettings = {
				ALWAYS_SEARCH_USER_PATHS = NO;
				ASSETCATALOG_COMPILER_APPICON_NAME = AppIcon;
				ASSETCATALOG_COMPILER_LAUNCHIMAGE_NAME = LaunchImage;
				CODE_SIGN_IDENTITY = "iPhone Developer: Lei Wang (N3DB4XRY52)";
				EXECUTABLE_PREFIX = YES;
				GCC_PRECOMPILE_PREFIX_HEADER = YES;
				GCC_PREFIX_HEADER = "BC/BC-Prefix.pch";
				HEADER_SEARCH_PATHS = (
					"$(inherited)",
					/Applications/Xcode.app/Contents/Developer/Toolchains/XcodeDefault.xctoolchain/usr/include,
					../ALExtension/ALExtension,
				);
				INFOPLIST_FILE = BC/Info.plist;
				LD_RUNPATH_SEARCH_PATHS = "$(inherited) @executable_path/Frameworks";
				OTHER_LDFLAGS = (
					"-ObjC",
					"-all_load",
				);
				PRODUCT_NAME = "$(TARGET_NAME)";
				USER_HEADER_SEARCH_PATHS = "";
			};
			name = Debug;
		};
		4B09D55E1A077CB400DFF42E /* Release */ = {
			isa = XCBuildConfiguration;
			buildSettings = {
				ALWAYS_SEARCH_USER_PATHS = NO;
				ASSETCATALOG_COMPILER_APPICON_NAME = AppIcon;
				ASSETCATALOG_COMPILER_LAUNCHIMAGE_NAME = LaunchImage;
				CODE_SIGN_IDENTITY = "iPhone Developer: Lei Wang (N3DB4XRY52)";
				EXECUTABLE_PREFIX = YES;
				GCC_PRECOMPILE_PREFIX_HEADER = YES;
				GCC_PREFIX_HEADER = "BC/BC-Prefix.pch";
				HEADER_SEARCH_PATHS = (
					"$(inherited)",
					/Applications/Xcode.app/Contents/Developer/Toolchains/XcodeDefault.xctoolchain/usr/include,
					../ALExtension/ALExtension,
				);
				INFOPLIST_FILE = BC/Info.plist;
				LD_RUNPATH_SEARCH_PATHS = "$(inherited) @executable_path/Frameworks";
				OTHER_LDFLAGS = (
					"-ObjC",
					"-all_load",
				);
				PRODUCT_NAME = "$(TARGET_NAME)";
				USER_HEADER_SEARCH_PATHS = "";
			};
			name = Release;
		};
/* End XCBuildConfiguration section */

/* Begin XCConfigurationList section */
		4B09D5341A077CB400DFF42E /* Build configuration list for PBXProject "BC" */ = {
			isa = XCConfigurationList;
			buildConfigurations = (
				4B09D55A1A077CB400DFF42E /* Debug */,
				4B09D55B1A077CB400DFF42E /* Release */,
			);
			defaultConfigurationIsVisible = 0;
			defaultConfigurationName = Release;
		};
		4B09D55C1A077CB400DFF42E /* Build configuration list for PBXNativeTarget "BC" */ = {
			isa = XCConfigurationList;
			buildConfigurations = (
				4B09D55D1A077CB400DFF42E /* Debug */,
				4B09D55E1A077CB400DFF42E /* Release */,
			);
			defaultConfigurationIsVisible = 0;
			defaultConfigurationName = Release;
		};
/* End XCConfigurationList section */
	};
	rootObject = 4B09D5311A077CB400DFF42E /* Project object */;
}
